
Microsoft Visual Studio Solution File, Format Version 11.00
# Visual Studio 2010
Project("{FAE04EC0-301F-11D3-BF4B-00C04F79EFBC}") = "MonoDevelop.MozillaOS", "MonoDevelop.MozillaOS\MonoDevelop.MozillaOS.csproj", "{F2B51918-842B-4FF9-B73A-F5F7D628DF05}"
EndProject
Project("{FAE04EC0-301F-11D3-BF4B-00C04F79EFBC}") = "MonoDevelop.MozillaOS.Tests", "MonoDevelop.MozillaOS.Tests\MonoDevelop.MozillaOS.Tests.csproj", "{918287F4-1574-48BE-A524-AD644E955DE4}"
EndProject
Global
	GlobalSection(SolutionConfigurationPlatforms) = preSolution
		Debug|Any CPU = Debug|Any CPU
		Release|Any CPU = Release|Any CPU
	EndGlobalSection
	GlobalSection(ProjectConfigurationPlatforms) = postSolution
		{918287F4-1574-48BE-A524-AD644E955DE4}.Debug|Any CPU.ActiveCfg = Debug|Any CPU
		{918287F4-1574-48BE-A524-AD644E955DE4}.Debug|Any CPU.Build.0 = Debug|Any CPU
		{918287F4-1574-48BE-A524-AD644E955DE4}.Release|Any CPU.ActiveCfg = Release|Any CPU
		{918287F4-1574-48BE-A524-AD644E955DE4}.Release|Any CPU.Build.0 = Release|Any CPU
		{F2B51918-842B-4FF9-B73A-F5F7D628DF05}.Debug|Any CPU.ActiveCfg = Debug|Any CPU
		{F2B51918-842B-4FF9-B73A-F5F7D628DF05}.Debug|Any CPU.Build.0 = Debug|Any CPU
		{F2B51918-842B-4FF9-B73A-F5F7D628DF05}.Release|Any CPU.ActiveCfg = Release|Any CPU
		{F2B51918-842B-4FF9-B73A-F5F7D628DF05}.Release|Any CPU.Build.0 = Release|Any CPU
	EndGlobalSection
	GlobalSection(MonoDevelopProperties) = preSolution
		StartupItem = MonoDevelop.MozillaOS\MonoDevelop.MozillaOS.csproj
	EndGlobalSection
EndGlobal
